// !$*UTF8*$!
{
	archiveVersion = 1;
	classes = {
	};
	objectVersion = 46;
	objects = {

/* Begin PBXBuildFile section */
		39F4B7F11D40B5C900068912 /* main.m in Sources */ = {isa = PBXBuildFile; fileRef = 39F4B7F01D40B5C900068912 /* main.m */; };
		39F4B7F41D40B5C900068912 /* AppDelegate.m in Sources */ = {isa = PBXBuildFile; fileRef = 39F4B7F31D40B5C900068912 /* AppDelegate.m */; };
		39F4B7FC1D40B5C900068912 /* Assets.xcassets in Resources */ = {isa = PBXBuildFile; fileRef = 39F4B7FB1D40B5C900068912 /* Assets.xcassets */; };
		39F4B80A1D40B64400068912 /* YMProgressLine.m in Sources */ = {isa = PBXBuildFile; fileRef = 39F4B8091D40B64400068912 /* YMProgressLine.m */; };
		39F4B80E1D40B6C500068912 /* YMDemoViewController.m in Sources */ = {isa = PBXBuildFile; fileRef = 39F4B80D1D40B6C500068912 /* YMDemoViewController.m */; };
/* End PBXBuildFile section */

/* Begin PBXFileReference section */
		39F4B7EC1D40B5C900068912 /* YMProgressLine.app */ = {isa = PBXFileReference; explicitFileType = wrapper.application; includeInIndex = 0; path = YMProgressLine.app; sourceTree = BUILT_PRODUCTS_DIR; };
		39F4B7F01D40B5C900068912 /* main.m */ = {isa = PBXFileReference; lastKnownFileType = sourcecode.c.objc; path = main.m; sourceTree = "<group>"; };
		39F4B7F21D40B5C900068912 /* AppDelegate.h */ = {isa = PBXFileReference; lastKnownFileType = sourcecode.c.h; path = AppDelegate.h; sourceTree = "<group>"; };
		39F4B7F31D40B5C900068912 /* AppDelegate.m */ = {isa = PBXFileReference; lastKnownFileType = sourcecode.c.objc; path = AppDelegate.m; sourceTree = "<group>"; };
		39F4B7FB1D40B5C900068912 /* Assets.xcassets */ = {isa = PBXFileReference; lastKnownFileType = folder.assetcatalog; path = Assets.xcassets; sourceTree = "<group>"; };
		39F4B8001D40B5C900068912 /* Info.plist */ = {isa = PBXFileReference; lastKnownFileType = text.plist.xml; path = Info.plist; sourceTree = "<group>"; };
		39F4B8081D40B64400068912 /* YMProgressLine.h */ = {isa = PBXFileReference; fileEncoding = 4; lastKnownFileType = sourcecode.c.h; path = YMProgressLine.h; sourceTree = "<group>"; };
		39F4B8091D40B64400068912 /* YMProgressLine.m */ = {isa = PBXFileReference; fileEncoding = 4; lastKnownFileType = sourcecode.c.objc; path = YMProgressLine.m; sourceTree = "<group>"; };
		39F4B80C1D40B6C500068912 /* YMDemoViewController.h */ = {isa = PBXFileReference; fileEncoding = 4; lastKnownFileType = sourcecode.c.h; path = YMDemoViewController.h; sourceTree = "<group>"; };
		39F4B80D1D40B6C500068912 /* YMDemoViewController.m */ = {isa = PBXFileReference; fileEncoding = 4; lastKnownFileType = sourcecode.c.objc; path = YMDemoViewController.m; sourceTree = "<group>"; };
/* End PBXFileReference section */

/* Begin PBXFrameworksBuildPhase section */
		39F4B7E91D40B5C900068912 /* Frameworks */ = {
			isa = PBXFrameworksBuildPhase;
			buildActionMask = 2147483647;
			files = (
			);
			runOnlyForDeploymentPostprocessing = 0;
		};
/* End PBXFrameworksBuildPhase section */

/* Begin PBXGroup section */
		39F4B7E31D40B5C900068912 = {
			isa = PBXGroup;
			children = (
				39F4B7EE1D40B5C900068912 /* YMProgressLine */,
				39F4B7ED1D40B5C900068912 /* Products */,
			);
			sourceTree = "<group>";
		};
		39F4B7ED1D40B5C900068912 /* Products */ = {
			isa = PBXGroup;
			children = (
				39F4B7EC1D40B5C900068912 /* YMProgressLine.app */,
			);
			name = Products;
			sourceTree = "<group>";
		};
		39F4B7EE1D40B5C900068912 /* YMProgressLine */ = {
			isa = PBXGroup;
			children = (
				39F4B80B1D40B69800068912 /* Demo */,
				39F4B8071D40B62600068912 /* Tools */,
				39F4B8061D40B60400068912 /* Other */,
				39F4B7EF1D40B5C900068912 /* Supporting Files */,
			);
			path = YMProgressLine;
			sourceTree = "<group>";
		};
		39F4B7EF1D40B5C900068912 /* Supporting Files */ = {
			isa = PBXGroup;
			children = (
				39F4B7F01D40B5C900068912 /* main.m */,
			);
			name = "Supporting Files";
			sourceTree = "<group>";
		};
		39F4B8061D40B60400068912 /* Other */ = {
			isa = PBXGroup;
			children = (
				39F4B7F21D40B5C900068912 /* AppDelegate.h */,
				39F4B7F31D40B5C900068912 /* AppDelegate.m */,
				39F4B7FB1D40B5C900068912 /* Assets.xcassets */,
				39F4B8001D40B5C900068912 /* Info.plist */,
			);
			name = Other;
			sourceTree = "<group>";
		};
		39F4B8071D40B62600068912 /* Tools */ = {
			isa = PBXGroup;
			children = (
				39F4B8081D40B64400068912 /* YMProgressLine.h */,
				39F4B8091D40B64400068912 /* YMProgressLine.m */,
			);
			name = Tools;
			sourceTree = "<group>";
		};
		39F4B80B1D40B69800068912 /* Demo */ = {
			isa = PBXGroup;
			children = (
				39F4B80C1D40B6C500068912 /* YMDemoViewController.h */,
				39F4B80D1D40B6C500068912 /* YMDemoViewController.m */,
			);
			name = Demo;
			sourceTree = "<group>";
		};
/* End PBXGroup section */

/* Begin PBXNativeTarget section */
		39F4B7EB1D40B5C900068912 /* YMProgressLine */ = {
			isa = PBXNativeTarget;
			buildConfigurationList = 39F4B8031D40B5C900068912 /* Build configuration list for PBXNativeTarget "YMProgressLine" */;
			buildPhases = (
				39F4B7E81D40B5C900068912 /* Sources */,
				39F4B7E91D40B5C900068912 /* Frameworks */,
				39F4B7EA1D40B5C900068912 /* Resources */,
			);
			buildRules = (
			);
			dependencies = (
			);
			name = YMProgressLine;
			productName = YMProgressLine;
			productReference = 39F4B7EC1D40B5C900068912 /* YMProgressLine.app */;
			productType = "com.apple.product-type.application";
		};
/* End PBXNativeTarget section */

/* Begin PBXProject section */
		39F4B7E41D40B5C900068912 /* Project object */ = {
			isa = PBXProject;
			attributes = {
				LastUpgradeCheck = 0730;
				ORGANIZATIONNAME = mimi;
				TargetAttributes = {
					39F4B7EB1D40B5C900068912 = {
						CreatedOnToolsVersion = 7.3.1;
					};
				};
			};
			buildConfigurationList = 39F4B7E71D40B5C900068912 /* Build configuration list for PBXProject "YMProgressLine" */;
			compatibilityVersion = "Xcode 3.2";
			developmentRegion = English;
			hasScannedForEncodings = 0;
			knownRegions = (
				en,
				Base,
			);
			mainGroup = 39F4B7E31D40B5C900068912;
			productRefGroup = 39F4B7ED1D40B5C900068912 /* Products */;
			projectDirPath = "";
			projectRoot = "";
			targets = (
				39F4B7EB1D40B5C900068912 /* YMProgressLine */,
			);
		};
/* End PBXProject section */

/* Begin PBXResourcesBuildPhase section */
		39F4B7EA1D40B5C900068912 /* Resources */ = {
			isa = PBXResourcesBuildPhase;
			buildActionMask = 2147483647;
			files = (
				39F4B7FC1D40B5C900068912 /* Assets.xcassets in Resources */,
			);
			runOnlyForDeploymentPostprocessing = 0;
		};
/* End PBXResourcesBuildPhase section */

/* Begin PBXSourcesBuildPhase section */
		39F4B7E81D40B5C900068912 /* Sources */ = {
			isa = PBXSourcesBuildPhase;
			buildActionMask = 2147483647;
			files = (
				39F4B7F41D40B5C900068912 /* AppDelegate.m in Sources */,
				39F4B80A1D40B64400068912 /* YMProgressLine.m in Sources */,
				39F4B7F11D40B5C900068912 /* main.m in Sources */,
				39F4B80E1D40B6C500068912 /* YMDemoViewController.m in Sources */,
			);
			runOnlyForDeploymentPostprocessing = 0;
		};
/* End PBXSourcesBuildPhase section */

/* Begin XCBuildConfiguration section */
		39F4B8011D40B5C900068912 /* Debug */ = {
			isa = XCBuildConfiguration;
			buildSettings = {
				ALWAYS_SEARCH_USER_PATHS = NO;
				CLANG_ANALYZER_NONNULL = YES;
				CLANG_CXX_LANGUAGE_STANDARD = "gnu++0x";
				CLANG_CXX_LIBRARY = "libc++";
				CLANG_ENABLE_MODULES = YES;
				CLANG_ENABLE_OBJC_ARC = YES;
				CLANG_WARN_BOOL_CONVERSION = YES;
				CLANG_WARN_CONSTANT_CONVERSION = YES;
				CLANG_WARN_DIRECT_OBJC_ISA_USAGE = YES_ERROR;
				CLANG_WARN_EMPTY_BODY = YES;
				CLANG_WARN_ENUM_CONVERSION = YES;
				CLANG_WARN_INT_CONVERSION = YES;
				CLANG_WARN_OBJC_ROOT_CLASS = YES_ERROR;
				CLANG_WARN_UNREACHABLE_CODE = YES;
				CLANG_WARN__DUPLICATE_METHOD_MATCH = YES;
				"CODE_SIGN_IDENTITY[sdk=iphoneos*]" = "iPhone Developer";
				COPY_PHASE_STRIP = NO;
				DEBUG_INFORMATION_FORMAT = dwarf;
				ENABLE_STRICT_OBJC_MSGSEND = YES;
				ENABLE_TESTABILITY = YES;
				GCC_C_LANGUAGE_STANDARD = gnu99;
				GCC_DYNAMIC_NO_PIC = NO;
				GCC_NO_COMMON_BLOCKS = YES;
				GCC_OPTIMIZATION_LEVEL = 0;
				GCC_PREPROCESSOR_DEFINITIONS = (
					"DEBUG=1",
					"$(inherited)",
				);
				GCC_WARN_64_TO_32_BIT_CONVERSION = YES;
				GCC_WARN_ABOUT_RETURN_TYPE = YES_ERROR;
				GCC_WARN_UNDECLARED_SELECTOR = YES;
				GCC_WARN_UNINITIALIZED_AUTOS = YES_AGGRESSIVE;
				GCC_WARN_UNUSED_FUNCTION = YES;
				GCC_WARN_UNUSED_VARIABLE = YES;
				IPHONEOS_DEPLOYMENT_TARGET = 9.3;
				MTL_ENABLE_DEBUG_INFO = YES;
				ONLY_ACTIVE_ARCH = YES;
				SDKROOT = iphoneos;
			};
			name = Debug;
		};
		39F4B8021D40B5C900068912 /* Release */ = {
			isa = XCBuildConfiguration;
			buildSettings = {
				ALWAYS_SEARCH_USER_PATHS = NO;
				CLANG_ANALYZER_NONNULL = YES;
				CLANG_CXX_LANGUAGE_STANDARD = "gnu++0x";
				CLANG_CXX_LIBRARY = "libc++";
				CLANG_ENABLE_MODULES = YES;
				CLANG_ENABLE_OBJC_ARC = YES;
				CLANG_WARN_BOOL_CONVERSION = YES;
				CLANG_WARN_CONSTANT_CONVERSION = YES;
				CLANG_WARN_DIRECT_OBJC_ISA_USAGE = YES_ERROR;
				CLANG_WARN_EMPTY_BODY = YES;
				CLANG_WARN_ENUM_CONVERSION = YES;
				CLANG_WARN_INT_CONVERSION = YES;
				CLANG_WARN_OBJC_ROOT_CLASS = YES_ERROR;
				CLANG_WARN_UNREACHABLE_CODE = YES;
				CLANG_WARN__DUPLICATE_METHOD_MATCH = YES;
				"CODE_SIGN_IDENTITY[sdk=iphoneos*]" = "iPhone Developer";
				COPY_PHASE_STRIP = NO;
				DEBUG_INFORMATION_FORMAT = "dwarf-with-dsym";
				ENABLE_NS_ASSERTIONS = NO;
				ENABLE_STRICT_OBJC_MSGSEND = YES;
				GCC_C_LANGUAGE_STANDARD = gnu99;
				GCC_NO_COMMON_BLOCKS = YES;
				GCC_WARN_64_TO_32_BIT_CONVERSION = YES;
				GCC_WARN_ABOUT_RETURN_TYPE = YES_ERROR;
				GCC_WARN_UNDECLARED_SELECTOR = YES;
				GCC_WARN_UNINITIALIZED_AUTOS = YES_AGGRESSIVE;
				GCC_WARN_UNUSED_FUNCTION = YES;
				GCC_WARN_UNUSED_VARIABLE = YES;
				IPHONEOS_DEPLOYMENT_TARGET = 9.3;
				MTL_ENABLE_DEBUG_INFO = NO;
				SDKROOT = iphoneos;
				VALIDATE_PRODUCT = YES;
			};
			name = Release;
		};
		39F4B8041D40B5C900068912 /* Debug */ = {
			isa = XCBuildConfiguration;
			buildSettings = {
				ASSETCATALOG_COMPILER_APPICON_NAME = AppIcon;
				INFOPLIST_FILE = YMProgressLine/Info.plist;
				LD_RUNPATH_SEARCH_PATHS = "$(inherited) @executable_path/Frameworks";
				PRODUCT_BUNDLE_IDENTIFIER = com.baidu.www.YMProgressLine;
				PRODUCT_NAME = "$(TARGET_NAME)";
			};
			name = Debug;
		};
		39F4B8051D40B5C900068912 /* Release */ = {
			isa = XCBuildConfiguration;
			buildSettings = {
				ASSETCATALOG_COMPILER_APPICON_NAME = AppIcon;
				INFOPLIST_FILE = YMProgressLine/Info.plist;
				LD_RUNPATH_SEARCH_PATHS = "$(inherited) @executable_path/Frameworks";
				PRODUCT_BUNDLE_IDENTIFIER = com.baidu.www.YMProgressLine;
				PRODUCT_NAME = "$(TARGET_NAME)";
			};
			name = Release;
		};
/* End XCBuildConfiguration section */

/* Begin XCConfigurationList section */
		39F4B7E71D40B5C900068912 /* Build configuration list for PBXProject "YMProgressLine" */ = {
			isa = XCConfigurationList;
			buildConfigurations = (
				39F4B8011D40B5C900068912 /* Debug */,
				39F4B8021D40B5C900068912 /* Release */,
			);
			defaultConfigurationIsVisible = 0;
			defaultConfigurationName = Release;
		};
		39F4B8031D40B5C900068912 /* Build configuration list for PBXNativeTarget "YMProgressLine" */ = {
			isa = XCConfigurationList;
			buildConfigurations = (
				39F4B8041D40B5C900068912 /* Debug */,
				39F4B8051D40B5C900068912 /* Release */,
			);
			defaultConfigurationIsVisible = 0;
		};
/* End XCConfigurationList section */
	};
	rootObject = 39F4B7E41D40B5C900068912 /* Project object */;
}
